
Microsoft Visual Studio Solution File, Format Version 12.00
# Visual Studio 15
VisualStudioVersion = 15.0.28307.645
MinimumVisualStudioVersion = 10.0.40219.1
Project("{FAE04EC0-301F-11D3-BF4B-00C04F79EFBC}") = "Lesson_8", "Lesson_8\Lesson_8.csproj", "{50CC76A0-539E-4C08-99F5-88CB505F99C6}"
EndProject
Global
	GlobalSection(SolutionConfigurationPlatforms) = preSolution
		Debug|Any CPU = Debug|Any CPU
		Release|Any CPU = Release|Any CPU
	EndGlobalSection
	GlobalSection(ProjectConfigurationPlatforms) = postSolution
		{50CC76A0-539E-4C08-99F5-88CB505F99C6}.Debug|Any CPU.ActiveCfg = Debug|Any CPU
		{50CC76A0-539E-4C08-99F5-88CB505F99C6}.Debug|Any CPU.Build.0 = Debug|Any CPU
		{50CC76A0-539E-4C08-99F5-88CB505F99C6}.Release|Any CPU.ActiveCfg = Release|Any CPU
		{50CC76A0-539E-4C08-99F5-88CB505F99C6}.Release|Any CPU.Build.0 = Release|Any CPU
	EndGlobalSection
	GlobalSection(SolutionProperties) = preSolution
		HideSolutionNode = FALSE
	EndGlobalSection
	GlobalSection(ExtensibilityGlobals) = postSolution
		SolutionGuid = {2CFFC881-5F42-480A-BFB5-40DA75338DEE}
	EndGlobalSection
EndGlobal
